GEM
  remote: https://rubygems.org/
  specs:
    activemodel (8.1.2)
      activesupport (= 8.1.2)
    activerecord (8.1.2)
      activemodel (= 8.1.2)
      activesupport (= 8.1.2)
      timeout (>= 0.4.0)
    activesupport (8.1.2)
      base64
      bigdecimal
      concurrent-ruby (~> 1.0, >= 1.3.1)
      connection_pool (>= 2.2.5)
      drb
      i18n (>= 1.6, < 2)
      json
      logger (>= 1.4.2)
      minitest (>= 5.1)
      securerandom (>= 0.3)
      tzinfo (~> 2.0, >= 2.0.5)
      uri (>= 0.13.1)
    base64 (0.3.0)
    bigdecimal (4.0.1)
    concurrent-ruby (1.3.6)
    connection_pool (3.0.2)
    csv (3.3.5)
    dotenv (3.2.0)
    drb (2.2.3)
    gon-sinatra (0.1.2)
      sinatra
    google-protobuf (4.33.4)
      bigdecimal
      rake (>= 13)
    httparty (0.24.2)
      csv
      mini_mime (>= 1.0.0)
      multi_xml (>= 0.5.2)
    i18n (1.14.8)
      concurrent-ruby (~> 1.0)
    json (2.18.0)
    logger (1.7.0)
    mini_mime (1.1.5)
    mini_portile2 (2.8.9)
    minitest (6.0.1)
      prism (~> 1.5)
    multi_json (1.19.1)
    multi_xml (0.8.1)
      bigdecimal (>= 3.1, < 5)
    mustermann (3.0.4)
      ruby2_keywords (~> 0.0.1)
    nio4r (2.7.5)
    prism (1.7.0)
    puma (7.2.0)
      nio4r (~> 2.0)
    rack (3.2.5)
    rack-protection (4.2.1)
      base64 (>= 0.1.0)
      logger (>= 1.6.0)
      rack (>= 3.0.0, < 4)
    rack-session (2.1.1)
      base64 (>= 0.1.0)
      rack (>= 3.0.0)
    rackup (2.3.1)
      rack (>= 3)
    rake (13.3.1)
    ruby2_keywords (0.0.5)
    sass-embedded (1.97.3)
      google-protobuf (~> 4.31)
      rake (>= 13)
    sass-embedded (1.97.3-aarch64-linux-android)
      google-protobuf (~> 4.31)
    sass-embedded (1.97.3-arm-linux-androideabi)
      google-protobuf (~> 4.31)
    sass-embedded (1.97.3-arm-linux-gnueabihf)
      google-protobuf (~> 4.31)
    sass-embedded (1.97.3-arm-linux-musleabihf)
      google-protobuf (~> 4.31)
    sass-embedded (1.97.3-riscv64-linux-android)
      google-protobuf (~> 4.31)
    sass-embedded (1.97.3-riscv64-linux-gnu)
      google-protobuf (~> 4.31)
    sass-embedded (1.97.3-riscv64-linux-musl)
      google-protobuf (~> 4.31)
    sass-embedded (1.97.3-x86_64-linux-android)
      google-protobuf (~> 4.31)
    sass-embedded (1.97.3-x86_64-linux-gnu)
      google-protobuf (~> 4.31)
    securerandom (0.4.1)
    sinatra (4.2.1)
      logger (>= 1.6.0)
      mustermann (~> 3.0)
      rack (>= 3.0.0, < 4)
      rack-protection (= 4.2.1)
      rack-session (>= 2.0.0, < 3)
      tilt (~> 2.0)
    sinatra-activerecord (2.0.28)
      activerecord (>= 4.1)
      sinatra (>= 1.0)
    sinatra-contrib (4.2.1)
      multi_json (>= 0.0.2)
      mustermann (~> 3.0)
      rack-protection (= 4.2.1)
      sinatra (= 4.2.1)
      tilt (~> 2.0)
    sqlite3 (2.9.0)
      mini_portile2 (~> 2.8.0)
    sqlite3 (2.9.0-arm-linux-gnu)
    sqlite3 (2.9.0-arm-linux-musl)
    sqlite3 (2.9.0-x86_64-linux-gnu)
    tilt (2.6.1)
    timeout (0.6.0)
    tzinfo (2.0.6)
      concurrent-ruby (~> 1.0)
    uri (1.1.1)

PLATFORMS
  aarch64-linux-android
  arm-linux-androideabi
  arm-linux-gnu
  arm-linux-gnueabihf
  arm-linux-musl
  arm-linux-musleabihf
  riscv64-linux-android
  riscv64-linux-gnu
  riscv64-linux-musl
  ruby
  x86_64-linux
  x86_64-linux-android

DEPENDENCIES
  activerecord (~> 8.1)
  activesupport (~> 8.0)
  csv (~> 3.3)
  dotenv (~> 3.2.0)
  gon-sinatra (~> 0.1.2)
  httparty (~> 0.24.2)
  json (~> 2.5)
  puma (~> 7.2)
  rackup (~> 2.3)
  rake (~> 13.3)
  sass-embedded (~> 1.97)
  sinatra (~> 4.2.1)
  sinatra-activerecord (~> 2.0)
  sinatra-contrib
  sqlite3 (~> 2.9)

CHECKSUMS
  activemodel (8.1.2) sha256=e21358c11ce68aed3f9838b7e464977bc007b4446c6e4059781e1d5c03bcf33e
  activerecord (8.1.2) sha256=acfbe0cadfcc50fa208011fe6f4eb01cae682ebae0ef57145ba45380c74bcc44
  activesupport (8.1.2) sha256=88842578ccd0d40f658289b0e8c842acfe9af751afee2e0744a7873f50b6fdae
  base64 (0.3.0) sha256=27337aeabad6ffae05c265c450490628ef3ebd4b67be58257393227588f5a97b
  bigdecimal (4.0.1) sha256=8b07d3d065a9f921c80ceaea7c9d4ae596697295b584c296fe599dd0ad01c4a7
  concurrent-ruby (1.3.6) sha256=6b56837e1e7e5292f9864f34b69c5a2cbc75c0cf5338f1ce9903d10fa762d5ab
  connection_pool (3.0.2) sha256=33fff5ba71a12d2aa26cb72b1db8bba2a1a01823559fb01d29eb74c286e62e0a
  csv (3.3.5) sha256=6e5134ac3383ef728b7f02725d9872934f523cb40b961479f69cf3afa6c8e73f
  dotenv (3.2.0) sha256=e375b83121ea7ca4ce20f214740076129ab8514cd81378161f11c03853fe619d
  drb (2.2.3) sha256=0b00d6fdb50995fe4a45dea13663493c841112e4068656854646f418fda13373
  gon-sinatra (0.1.2) sha256=0d1e58c72b17f6ac340df175dff59edd468bb4667e20070723d2947f8eae8268
  google-protobuf (4.33.4) sha256=86921935b023ed0d872d6e84382e79016c91689be0520d614c74426778f13c16
  httparty (0.24.2) sha256=8fca6a54aa0c4aa4303a0fd33e5e2156175d6a5334f714263b458abd7fda9c38
  i18n (1.14.8) sha256=285778639134865c5e0f6269e0b818256017e8cde89993fdfcbfb64d088824a5
  json (2.18.0) sha256=b10506aee4183f5cf49e0efc48073d7b75843ce3782c68dbeb763351c08fd505
  logger (1.7.0) sha256=196edec7cc44b66cfb40f9755ce11b392f21f7967696af15d274dde7edff0203
  mini_mime (1.1.5) sha256=8681b7e2e4215f2a159f9400b5816d85e9d8c6c6b491e96a12797e798f8bccef
  mini_portile2 (2.8.9) sha256=0cd7c7f824e010c072e33f68bc02d85a00aeb6fce05bb4819c03dfd3c140c289
  minitest (6.0.1) sha256=7854c74f48e2e975969062833adc4013f249a4b212f5e7b9d5c040bf838d54bb
  multi_json (1.19.1) sha256=7aefeff8f2c854bf739931a238e4aea64592845e0c0395c8a7d2eea7fdd631b7
  multi_xml (0.8.1) sha256=addba0290bac34e9088bfe73dc4878530297a82a7bbd66cb44dcd0a4b86edf5a
  mustermann (3.0.4) sha256=85fadcb6b3c6493a8b511b42426f904b7f27b282835502233dd154daab13aa22
  nio4r (2.7.5) sha256=6c90168e48fb5f8e768419c93abb94ba2b892a1d0602cb06eef16d8b7df1dca1
  prism (1.7.0) sha256=10062f734bf7985c8424c44fac382ac04a58124ea3d220ec3ba9fe4f2da65103
  puma (7.2.0) sha256=bf8ef4ab514a4e6d4554cb4326b2004eba5036ae05cf765cfe51aba9706a72a8
  rack (3.2.5) sha256=4cbd0974c0b79f7a139b4812004a62e4c60b145cba76422e288ee670601ed6d3
  rack-protection (4.2.1) sha256=cf6e2842df8c55f5e4d1a4be015e603e19e9bc3a7178bae58949ccbb58558bac
  rack-session (2.1.1) sha256=0b6dc07dea7e4b583f58a48e8b806d4c9f1c6c9214ebc202ec94562cbea2e4e9
  rackup (2.3.1) sha256=6c79c26753778e90983761d677a48937ee3192b3ffef6bc963c0950f94688868
  rake (13.3.1) sha256=8c9e89d09f66a26a01264e7e3480ec0607f0c497a861ef16063604b1b08eb19c
  ruby2_keywords (0.0.5) sha256=ffd13740c573b7301cf7a2e61fc857b2a8e3d3aff32545d6f8300d8bae10e3ef
  sass-embedded (1.97.3) sha256=c4136da69ae3acfa7b0809f4ec10891125edf57df214a2d1ab570f721f96f7a6
  sass-embedded (1.97.3-aarch64-linux-android) sha256=623b2f52fed6e3696c6445406e4efaef57b54442cc35604bfffbb82aef7d5c45
  sass-embedded (1.97.3-arm-linux-androideabi) sha256=e2ef33b187066e09374023e58e72cf3b5baabe6b77ecd74356fe9b4892a1c6e1
  sass-embedded (1.97.3-arm-linux-gnueabihf) sha256=ce443b57f3d7f03740267cf0f2cdff13e8055dd5938488967746f29f230222da
  sass-embedded (1.97.3-arm-linux-musleabihf) sha256=be3972424616f916ce1f4f41228266d57339e490dfd7ca0cea5588579564d4c0
  sass-embedded (1.97.3-riscv64-linux-android) sha256=201426b3e58611aa8cf34a7574df51905ec42fefb5a69982cc8497ac7fb26a6b
  sass-embedded (1.97.3-riscv64-linux-gnu) sha256=d7bac32f4de55c589a036da13ac4482bf5b7dfac980b4c0203d31a1bd9f07622
  sass-embedded (1.97.3-riscv64-linux-musl) sha256=621d981d700e2b8d0459b5ea696fff746dfa07d6b6bbc70cd982905214b07888
  sass-embedded (1.97.3-x86_64-linux-android) sha256=8f5e179bee8610be432499f228ea4e53ab362b1db0da1ae3cd3e76b114712372
  sass-embedded (1.97.3-x86_64-linux-gnu) sha256=173a4d0dbe2fffdf7482bd3e82fb597dfc658c18d1e8fd746aa7d5077ed4e850
  securerandom (0.4.1) sha256=cc5193d414a4341b6e225f0cb4446aceca8e50d5e1888743fac16987638ea0b1
  sinatra (4.2.1) sha256=b7aeb9b11d046b552972ade834f1f9be98b185fa8444480688e3627625377080
  sinatra-activerecord (2.0.28) sha256=99f352c2dfa244d02b4f877efbe00135360b758390b8bb7bc2d4d91171c93811
  sinatra-contrib (4.2.1) sha256=10d091c944d268aa910c618ea40a3c3ebe0533e6e32990d84af92235a3d26b4a
  sqlite3 (2.9.0) sha256=ece9c00b32ec5f550d3a4a35c41ea8d738563589f090b9dfd0d510b7ae5f296c
  sqlite3 (2.9.0-arm-linux-gnu) sha256=a19a21504b0d7c8c825fbbf37b358ae316b6bd0d0134c619874060b2eef05435
  sqlite3 (2.9.0-arm-linux-musl) sha256=fca5b26197c70e3363115d3faaea34d7b2ad9c7f5fa8d8312e31b64e7556ee07
  sqlite3 (2.9.0-x86_64-linux-gnu) sha256=72fff9bd750070ba3af695511ba5f0e0a2d8a9206f84869640b3e99dfaf3d5a5
  tilt (2.6.1) sha256=35a99bba2adf7c1e362f5b48f9b581cce4edfba98117e34696dde6d308d84770
  timeout (0.6.0) sha256=6d722ad619f96ee383a0c557ec6eb8c4ecb08af3af62098a0be5057bf00de1af
  tzinfo (2.0.6) sha256=8daf828cc77bcf7d63b0e3bdb6caa47e2272dcfaf4fbfe46f8c3a9df087a829b
  uri (1.1.1) sha256=379fa58d27ffb1387eaada68c749d1426738bd0f654d812fcc07e7568f5c57c6

RUBY VERSION
  ruby 4.0.1

BUNDLED WITH
  4.0.4
