GEM
  remote: https://rubygems.org/
  specs:
    activemodel (8.1.3)
      activesupport (= 8.1.3)
    activerecord (8.1.3)
      activemodel (= 8.1.3)
      activesupport (= 8.1.3)
      timeout (>= 0.4.0)
    activesupport (8.1.3)
      base64
      bigdecimal
      concurrent-ruby (~> 1.0, >= 1.3.1)
      connection_pool (>= 2.2.5)
      drb
      i18n (>= 1.6, < 2)
      json
      logger (>= 1.4.2)
      minitest (>= 5.1)
      securerandom (>= 0.3)
      tzinfo (~> 2.0, >= 2.0.5)
      uri (>= 0.13.1)
    base64 (0.3.0)
    bigdecimal (4.0.1)
    concurrent-ruby (1.3.6)
    connection_pool (3.0.2)
    csv (3.3.5)
    dotenv (3.2.0)
    drb (2.2.3)
    gon-sinatra (0.1.2)
      sinatra
    google-protobuf (4.34.0)
      bigdecimal
      rake (~> 13.3)
    google-protobuf (4.34.0-x86_64-linux-gnu)
      bigdecimal
      rake (~> 13.3)
    httparty (0.24.2)
      csv
      mini_mime (>= 1.0.0)
      multi_xml (>= 0.5.2)
    i18n (1.14.8)
      concurrent-ruby (~> 1.0)
    json (2.19.3)
    logger (1.7.0)
    mini_mime (1.1.5)
    mini_portile2 (2.8.9)
    minitest (6.0.2)
      drb (~> 2.0)
      prism (~> 1.5)
    multi_json (1.19.1)
    multi_xml (0.8.1)
      bigdecimal (>= 3.1, < 5)
    mustermann (3.0.4)
      ruby2_keywords (~> 0.0.1)
    nio4r (2.7.5)
    prism (1.9.0)
    puma (7.2.0)
      nio4r (~> 2.0)
    rack (3.2.5)
    rack-protection (4.2.1)
      base64 (>= 0.1.0)
      logger (>= 1.6.0)
      rack (>= 3.0.0, < 4)
    rack-session (2.1.1)
      base64 (>= 0.1.0)
      rack (>= 3.0.0)
    rackup (2.3.1)
      rack (>= 3)
    rake (13.3.1)
    ruby2_keywords (0.0.5)
    sass-embedded (1.98.0)
      google-protobuf (~> 4.31)
      rake (>= 13)
    sass-embedded (1.98.0-aarch64-linux-android)
      google-protobuf (~> 4.31)
    sass-embedded (1.98.0-arm-linux-androideabi)
      google-protobuf (~> 4.31)
    sass-embedded (1.98.0-arm-linux-gnueabihf)
      google-protobuf (~> 4.31)
    sass-embedded (1.98.0-arm-linux-musleabihf)
      google-protobuf (~> 4.31)
    sass-embedded (1.98.0-riscv64-linux-android)
      google-protobuf (~> 4.31)
    sass-embedded (1.98.0-riscv64-linux-gnu)
      google-protobuf (~> 4.31)
    sass-embedded (1.98.0-riscv64-linux-musl)
      google-protobuf (~> 4.31)
    sass-embedded (1.98.0-x86_64-linux-android)
      google-protobuf (~> 4.31)
    sass-embedded (1.98.0-x86_64-linux-gnu)
      google-protobuf (~> 4.31)
    securerandom (0.4.1)
    sinatra (4.2.1)
      logger (>= 1.6.0)
      mustermann (~> 3.0)
      rack (>= 3.0.0, < 4)
      rack-protection (= 4.2.1)
      rack-session (>= 2.0.0, < 3)
      tilt (~> 2.0)
    sinatra-activerecord (2.0.28)
      activerecord (>= 4.1)
      sinatra (>= 1.0)
    sinatra-contrib (4.2.1)
      multi_json (>= 0.0.2)
      mustermann (~> 3.0)
      rack-protection (= 4.2.1)
      sinatra (= 4.2.1)
      tilt (~> 2.0)
    sqlite3 (2.9.2)
      mini_portile2 (~> 2.8.0)
    sqlite3 (2.9.2-arm-linux-gnu)
    sqlite3 (2.9.2-arm-linux-musl)
    sqlite3 (2.9.2-x86_64-linux-gnu)
    tilt (2.6.1)
    timeout (0.6.1)
    tzinfo (2.0.6)
      concurrent-ruby (~> 1.0)
    uri (1.1.1)

PLATFORMS
  aarch64-linux-android
  arm-linux-androideabi
  arm-linux-gnu
  arm-linux-gnueabihf
  arm-linux-musl
  arm-linux-musleabihf
  riscv64-linux-android
  riscv64-linux-gnu
  riscv64-linux-musl
  ruby
  x86_64-linux
  x86_64-linux-android

DEPENDENCIES
  activerecord (~> 8.1)
  activesupport (~> 8.0)
  csv (~> 3.3)
  dotenv (~> 3.2.0)
  gon-sinatra (~> 0.1.2)
  httparty (~> 0.24.2)
  json (~> 2.19)
  puma (~> 7.2)
  rackup (~> 2.3)
  rake (~> 13.3)
  sass-embedded (~> 1.98)
  sinatra (~> 4.2.1)
  sinatra-activerecord (~> 2.0)
  sinatra-contrib
  sqlite3 (~> 2.9)

CHECKSUMS
  activemodel (8.1.3) sha256=90c05cbe4cef3649b8f79f13016191ea94c4525ce4a5c0fb7ef909c4b91c8219
  activerecord (8.1.3) sha256=8003be7b2466ba0a2a670e603eeb0a61dd66058fccecfc49901e775260ac70ab
  activesupport (8.1.3) sha256=21a5e0dfbd4c3ddd9e1317ec6a4d782fa226e7867dc70b0743acda81a1dca20e
  base64 (0.3.0) sha256=27337aeabad6ffae05c265c450490628ef3ebd4b67be58257393227588f5a97b
  bigdecimal (4.0.1) sha256=8b07d3d065a9f921c80ceaea7c9d4ae596697295b584c296fe599dd0ad01c4a7
  concurrent-ruby (1.3.6) sha256=6b56837e1e7e5292f9864f34b69c5a2cbc75c0cf5338f1ce9903d10fa762d5ab
  connection_pool (3.0.2) sha256=33fff5ba71a12d2aa26cb72b1db8bba2a1a01823559fb01d29eb74c286e62e0a
  csv (3.3.5) sha256=6e5134ac3383ef728b7f02725d9872934f523cb40b961479f69cf3afa6c8e73f
  dotenv (3.2.0) sha256=e375b83121ea7ca4ce20f214740076129ab8514cd81378161f11c03853fe619d
  drb (2.2.3) sha256=0b00d6fdb50995fe4a45dea13663493c841112e4068656854646f418fda13373
  gon-sinatra (0.1.2) sha256=0d1e58c72b17f6ac340df175dff59edd468bb4667e20070723d2947f8eae8268
  google-protobuf (4.34.0) sha256=bffaea30fbe2807c80667a78953b15645b3bef62b25c10ca187e4418119be531
  google-protobuf (4.34.0-x86_64-linux-gnu) sha256=bbb333fbe79c16f35a2e2154cf29f3ce26f60390dba286b339861206d5435ef9
  httparty (0.24.2) sha256=8fca6a54aa0c4aa4303a0fd33e5e2156175d6a5334f714263b458abd7fda9c38
  i18n (1.14.8) sha256=285778639134865c5e0f6269e0b818256017e8cde89993fdfcbfb64d088824a5
  json (2.19.3) sha256=289b0bb53052a1fa8c34ab33cc750b659ba14a5c45f3fcf4b18762dc67c78646
  logger (1.7.0) sha256=196edec7cc44b66cfb40f9755ce11b392f21f7967696af15d274dde7edff0203
  mini_mime (1.1.5) sha256=8681b7e2e4215f2a159f9400b5816d85e9d8c6c6b491e96a12797e798f8bccef
  mini_portile2 (2.8.9) sha256=0cd7c7f824e010c072e33f68bc02d85a00aeb6fce05bb4819c03dfd3c140c289
  minitest (6.0.2) sha256=db6e57956f6ecc6134683b4c87467d6dd792323c7f0eea7b93f66bd284adbc3d
  multi_json (1.19.1) sha256=7aefeff8f2c854bf739931a238e4aea64592845e0c0395c8a7d2eea7fdd631b7
  multi_xml (0.8.1) sha256=addba0290bac34e9088bfe73dc4878530297a82a7bbd66cb44dcd0a4b86edf5a
  mustermann (3.0.4) sha256=85fadcb6b3c6493a8b511b42426f904b7f27b282835502233dd154daab13aa22
  nio4r (2.7.5) sha256=6c90168e48fb5f8e768419c93abb94ba2b892a1d0602cb06eef16d8b7df1dca1
  prism (1.9.0) sha256=7b530c6a9f92c24300014919c9dcbc055bf4cdf51ec30aed099b06cd6674ef85
  puma (7.2.0) sha256=bf8ef4ab514a4e6d4554cb4326b2004eba5036ae05cf765cfe51aba9706a72a8
  rack (3.2.5) sha256=4cbd0974c0b79f7a139b4812004a62e4c60b145cba76422e288ee670601ed6d3
  rack-protection (4.2.1) sha256=cf6e2842df8c55f5e4d1a4be015e603e19e9bc3a7178bae58949ccbb58558bac
  rack-session (2.1.1) sha256=0b6dc07dea7e4b583f58a48e8b806d4c9f1c6c9214ebc202ec94562cbea2e4e9
  rackup (2.3.1) sha256=6c79c26753778e90983761d677a48937ee3192b3ffef6bc963c0950f94688868
  rake (13.3.1) sha256=8c9e89d09f66a26a01264e7e3480ec0607f0c497a861ef16063604b1b08eb19c
  ruby2_keywords (0.0.5) sha256=ffd13740c573b7301cf7a2e61fc857b2a8e3d3aff32545d6f8300d8bae10e3ef
  sass-embedded (1.98.0) sha256=397dcd0071170f079eb97562a035fa113358af10e3ff759a57bc7eef763e9f94
  sass-embedded (1.98.0-aarch64-linux-android) sha256=bdc2c0e7473f569e53342adb7d7abc9349083bd8181e053a356218063ae09a32
  sass-embedded (1.98.0-arm-linux-androideabi) sha256=eb3346f36ce6c378821bc422f0edda03cef03208e47b2a9d8e62330ed08e1361
  sass-embedded (1.98.0-arm-linux-gnueabihf) sha256=763277f4070caccd6fcbcf4c54249539effe78c36850617922834a8eb72177d7
  sass-embedded (1.98.0-arm-linux-musleabihf) sha256=7e21e46569f5cc47d5d04d77c73e4bdb08547304e2ed0ff6b9a83d608c0d9a2b
  sass-embedded (1.98.0-riscv64-linux-android) sha256=6fee03d351e6eb3ffe3168702a3b045e56f7e4d435c98368e6e5ccb621eefbae
  sass-embedded (1.98.0-riscv64-linux-gnu) sha256=5ca86012b061d63f1e37a7afab507b619f0928554d2cae126b259a093c2530b0
  sass-embedded (1.98.0-riscv64-linux-musl) sha256=a28c0ec5318b515999e0db03a1e4eca54ff77c35b81df453ebe335c053ae6b30
  sass-embedded (1.98.0-x86_64-linux-android) sha256=830e2c120001bdd5e2dea29e2b803c3c1481bfacc7d93cf676f63c4454f06b2b
  sass-embedded (1.98.0-x86_64-linux-gnu) sha256=36b72021e00cfdd91ccb9eb490cff6addc376424cf9c2786f01392c8d0f0d4a0
  securerandom (0.4.1) sha256=cc5193d414a4341b6e225f0cb4446aceca8e50d5e1888743fac16987638ea0b1
  sinatra (4.2.1) sha256=b7aeb9b11d046b552972ade834f1f9be98b185fa8444480688e3627625377080
  sinatra-activerecord (2.0.28) sha256=99f352c2dfa244d02b4f877efbe00135360b758390b8bb7bc2d4d91171c93811
  sinatra-contrib (4.2.1) sha256=10d091c944d268aa910c618ea40a3c3ebe0533e6e32990d84af92235a3d26b4a
  sqlite3 (2.9.2) sha256=86814150714b6b06a328d083f46408e7a4a83b5f0a9673ed934ee3a1cb7a73b1
  sqlite3 (2.9.2-arm-linux-gnu) sha256=1ee2eb06b5301aaf5ce343a6e88d99ac932d95202d7b350f0e7b6d8d588580d7
  sqlite3 (2.9.2-arm-linux-musl) sha256=8ca0de6aceede968de0394e22e95d549834c4d8e318f69a92a52f049878a0057
  sqlite3 (2.9.2-x86_64-linux-gnu) sha256=dce83ffcb7e72f9f7aeb6e5404f15d277a45332fe18ccce8a8b3ed51e8d23aee
  tilt (2.6.1) sha256=35a99bba2adf7c1e362f5b48f9b581cce4edfba98117e34696dde6d308d84770
  timeout (0.6.1) sha256=78f57368a7e7bbadec56971f78a3f5ecbcfb59b7fcbb0a3ed6ddc08a5094accb
  tzinfo (2.0.6) sha256=8daf828cc77bcf7d63b0e3bdb6caa47e2272dcfaf4fbfe46f8c3a9df087a829b
  uri (1.1.1) sha256=379fa58d27ffb1387eaada68c749d1426738bd0f654d812fcc07e7568f5c57c6

RUBY VERSION
  ruby 4.0.1

BUNDLED WITH
  4.0.4
